{
  "R": {
    "Version": "4.6.0",
    "Repositories": [
      {
        "Name": "CRAN",
        "URL": "https://cloud.r-project.org"
      }
    ]
  },
  "Packages": {
    "MASS": {
      "Package": "MASS",
      "Version": "7.3-65",
      "Source": "Repository",
      "Priority": "recommended",
      "Date": "2025-02-19",
      "Revision": "$Rev: 3681 $",
      "Depends": [
        "R (>= 4.4.0)",
        "grDevices",
        "graphics",
        "stats",
        "utils"
      ],
      "Imports": [
        "methods"
      ],
      "Suggests": [
        "lattice",
        "nlme",
        "nnet",
        "survival"
      ],
      "Authors@R": "c(person(\"Brian\", \"Ripley\", role = c(\"aut\", \"cre\", \"cph\"), email = \"Brian.Ripley@R-project.org\"), person(\"Bill\", \"Venables\", role = c(\"aut\", \"cph\")), person(c(\"Douglas\", \"M.\"), \"Bates\", role = \"ctb\"), person(\"Kurt\", \"Hornik\", role = \"trl\", comment = \"partial port ca 1998\"), person(\"Albrecht\", \"Gebhardt\", role = \"trl\", comment = \"partial port ca 1998\"), person(\"David\", \"Firth\", role = \"ctb\", comment = \"support functions for polr\"))",
      "Description": "Functions and datasets to support Venables and Ripley, \"Modern Applied Statistics with S\" (4th edition, 2002).",
      "Title": "Support Functions and Datasets for Venables and Ripley's MASS",
      "LazyData": "yes",
      "ByteCompile": "yes",
      "License": "GPL-2 | GPL-3",
      "URL": "http://www.stats.ox.ac.uk/pub/MASS4/",
      "Contact": "<MASS@stats.ox.ac.uk>",
      "NeedsCompilation": "yes",
      "Author": "Brian Ripley [aut, cre, cph], Bill Venables [aut, cph], Douglas M. Bates [ctb], Kurt Hornik [trl] (partial port ca 1998), Albrecht Gebhardt [trl] (partial port ca 1998), David Firth [ctb] (support functions for polr)",
      "Maintainer": "Brian Ripley <Brian.Ripley@R-project.org>",
      "Repository": "CRAN"
    },
    "MSGARCH": {
      "Package": "MSGARCH",
      "Version": "2.51",
      "Source": "Repository",
      "Type": "Package",
      "Title": "Markov-Switching GARCH Models",
      "Date": "2022-12-05",
      "Authors@R": "c(person(\"David\", \"Ardia\", role = c(\"aut\"), email = \"david.ardia.ch@gmail.com\", comment = c(ORCID = \"0000-0003-2823-782X\")), person(\"Keven\", \"Bluteau\", role = c(\"aut\", \"cre\"), email = \"Keven.Bluteau@usherbrooke.ca\", comment = c(ORCID = \"0000-0003-2990-4807\")), person(\"Kris\", \"Boudt\", role = c(\"ctb\"), email = \"kris.boudt@ugent.be\", comment = c(ORCID = \"0000-0002-1000-5142\")), person(\"Leopoldo\", \"Catania\", role = c(\"aut\"), email = \"leopoldo.catania@econ.au.dk\", comment = c(ORCID = \"0000-0002-0981-1921\")), person(\"Alexios\", \"Ghalanos\", role = c(\"ctb\"), email = \"alexios@4dscape.com\"),       person(\"Brian\", \"Peterson\", role = c(\"ctb\"), email = \"brian@braverock.com\"), person(\"Denis-Alexandre\", \"Trottier\", role = c(\"aut\"), email = \"denis-alexandre.trottier.1@ulaval.ca\"))",
      "Maintainer": "Keven Bluteau <Keven.Bluteau@usherbrooke.ca>",
      "Description": "Fit (by Maximum Likelihood or MCMC/Bayesian), simulate, and forecast various Markov-Switching GARCH models as described in Ardia et al. (2019) <doi:10.18637/jss.v091.i04>.",
      "License": "GPL (>= 2)",
      "BugReports": "https://github.com/keblu/MSGARCH/issues",
      "URL": "https://github.com/keblu/MSGARCH",
      "Imports": [
        "Rcpp",
        "coda",
        "methods",
        "zoo",
        "expm",
        "fanplot",
        "MASS",
        "numDeriv"
      ],
      "LinkingTo": [
        "Rcpp",
        "RcppArmadillo"
      ],
      "Suggests": [
        "mcmc",
        "testthat"
      ],
      "RoxygenNote": "7.1.1",
      "NeedsCompilation": "yes",
      "Encoding": "UTF-8",
      "Author": "David Ardia [aut] (<https://orcid.org/0000-0003-2823-782X>), Keven Bluteau [aut, cre] (<https://orcid.org/0000-0003-2990-4807>), Kris Boudt [ctb] (<https://orcid.org/0000-0002-1000-5142>), Leopoldo Catania [aut] (<https://orcid.org/0000-0002-0981-1921>), Alexios Ghalanos [ctb], Brian Peterson [ctb], Denis-Alexandre Trottier [aut]",
      "Repository": "CRAN"
    },
    "Matrix": {
      "Package": "Matrix",
      "Version": "1.7-5",
      "Source": "Repository",
      "VersionNote": "do also bump src/version.h, inst/include/Matrix/version.h",
      "Date": "2026-03-20",
      "Priority": "recommended",
      "Title": "Sparse and Dense Matrix Classes and Methods",
      "Description": "A rich hierarchy of sparse and dense matrix classes, including general, symmetric, triangular, and diagonal matrices with numeric, logical, or pattern entries.  Efficient methods for operating on such matrices, often wrapping the 'BLAS', 'LAPACK', and 'SuiteSparse' libraries.",
      "License": "GPL (>= 2) | file LICENCE",
      "URL": "https://Matrix.R-forge.R-project.org",
      "BugReports": "https://R-forge.R-project.org/tracker/?atid=294&group_id=61",
      "Contact": "Matrix-authors@R-project.org",
      "Authors@R": "c(person(\"Douglas\", \"Bates\", role = \"aut\", comment = c(ORCID = \"0000-0001-8316-9503\")), person(\"Martin\", \"Maechler\", role = c(\"aut\", \"cre\"), email = \"mmaechler+Matrix@gmail.com\", comment = c(ORCID = \"0000-0002-8685-9910\")), person(\"Mikael\", \"Jagan\", role = \"aut\", comment = c(ORCID = \"0000-0002-3542-2938\")), person(\"Timothy A.\", \"Davis\", role = \"ctb\", comment = c(ORCID = \"0000-0001-7614-6899\", \"SuiteSparse libraries\", \"collaborators listed in dir(system.file(\\\"doc\\\", \\\"SuiteSparse\\\", package=\\\"Matrix\\\"), pattern=\\\"License\\\", full.names=TRUE, recursive=TRUE)\")), person(\"George\", \"Karypis\", role = \"ctb\", comment = c(ORCID = \"0000-0003-2753-1437\", \"METIS library\", \"Copyright: Regents of the University of Minnesota\")), person(\"Jason\", \"Riedy\", role = \"ctb\", comment = c(ORCID = \"0000-0002-4345-4200\", \"GNU Octave's condest() and onenormest()\", \"Copyright: Regents of the University of California\")), person(\"Jens\", \"Oehlschlägel\", role = \"ctb\", comment = \"initial nearPD()\"), person(\"R Core Team\", role = \"ctb\", comment = c(ROR = \"02zz1nj61\", \"base R's matrix implementation\")))",
      "Depends": [
        "R (>= 4.4)",
        "methods"
      ],
      "Imports": [
        "grDevices",
        "graphics",
        "grid",
        "lattice",
        "stats",
        "utils"
      ],
      "Suggests": [
        "MASS",
        "datasets",
        "sfsmisc",
        "tools"
      ],
      "Enhances": [
        "SparseM",
        "graph"
      ],
      "LazyData": "no",
      "LazyDataNote": "not possible, since we use data/*.R and our S4 classes",
      "BuildResaveData": "no",
      "Encoding": "UTF-8",
      "NeedsCompilation": "yes",
      "Author": "Douglas Bates [aut] (ORCID: <https://orcid.org/0000-0001-8316-9503>), Martin Maechler [aut, cre] (ORCID: <https://orcid.org/0000-0002-8685-9910>), Mikael Jagan [aut] (ORCID: <https://orcid.org/0000-0002-3542-2938>), Timothy A. Davis [ctb] (ORCID: <https://orcid.org/0000-0001-7614-6899>, SuiteSparse libraries, collaborators listed in dir(system.file(\"doc\", \"SuiteSparse\", package=\"Matrix\"), pattern=\"License\", full.names=TRUE, recursive=TRUE)), George Karypis [ctb] (ORCID: <https://orcid.org/0000-0003-2753-1437>, METIS library, Copyright: Regents of the University of Minnesota), Jason Riedy [ctb] (ORCID: <https://orcid.org/0000-0002-4345-4200>, GNU Octave's condest() and onenormest(), Copyright: Regents of the University of California), Jens Oehlschlägel [ctb] (initial nearPD()), R Core Team [ctb] (ROR: <https://ror.org/02zz1nj61>, base R's matrix implementation)",
      "Maintainer": "Martin Maechler <mmaechler+Matrix@gmail.com>",
      "Repository": "CRAN"
    },
    "Rcpp": {
      "Package": "Rcpp",
      "Version": "1.1.1-1.1",
      "Source": "Repository",
      "Title": "Seamless R and C++ Integration",
      "Date": "2026-04-19",
      "Authors@R": "c(person(\"Dirk\", \"Eddelbuettel\", role = c(\"aut\", \"cre\"), email = \"edd@debian.org\", comment = c(ORCID = \"0000-0001-6419-907X\")), person(\"Romain\", \"Francois\", role = \"aut\", comment = c(ORCID = \"0000-0002-2444-4226\")), person(\"JJ\", \"Allaire\", role = \"aut\", comment = c(ORCID = \"0000-0003-0174-9868\")), person(\"Kevin\", \"Ushey\", role = \"aut\", comment = c(ORCID = \"0000-0003-2880-7407\")), person(\"Qiang\", \"Kou\", role = \"aut\", comment = c(ORCID = \"0000-0001-6786-5453\")), person(\"Nathan\", \"Russell\", role = \"aut\"), person(\"Iñaki\", \"Ucar\", role = \"aut\", comment = c(ORCID = \"0000-0001-6403-5550\")), person(\"Doug\", \"Bates\", role = \"aut\", comment = c(ORCID = \"0000-0001-8316-9503\")), person(\"John\", \"Chambers\", role = \"aut\"))",
      "Description": "The 'Rcpp' package provides R functions as well as C++ classes which offer a seamless integration of R and C++. Many R data types and objects can be mapped back and forth to C++ equivalents which facilitates both writing of new code as well as easier integration of third-party libraries. Documentation about 'Rcpp' is provided by several vignettes included in this package, via the 'Rcpp Gallery' site at <https://gallery.rcpp.org>, the paper by Eddelbuettel and Francois (2011, <doi:10.18637/jss.v040.i08>), the book by Eddelbuettel (2013, <doi:10.1007/978-1-4614-6868-4>) and the paper by Eddelbuettel and Balamuta (2018, <doi:10.1080/00031305.2017.1375990>); see 'citation(\"Rcpp\")' for details.",
      "Depends": [
        "R (>= 3.5.0)"
      ],
      "Imports": [
        "methods",
        "utils"
      ],
      "Suggests": [
        "tinytest",
        "inline",
        "rbenchmark",
        "pkgKitten (>= 0.1.2)"
      ],
      "URL": "https://www.rcpp.org, https://dirk.eddelbuettel.com/code/rcpp.html, https://github.com/RcppCore/Rcpp",
      "License": "GPL (>= 2)",
      "BugReports": "https://github.com/RcppCore/Rcpp/issues",
      "MailingList": "rcpp-devel@lists.r-forge.r-project.org",
      "RoxygenNote": "6.1.1",
      "Encoding": "UTF-8",
      "VignetteBuilder": "Rcpp",
      "NeedsCompilation": "yes",
      "Author": "Dirk Eddelbuettel [aut, cre] (ORCID: <https://orcid.org/0000-0001-6419-907X>), Romain Francois [aut] (ORCID: <https://orcid.org/0000-0002-2444-4226>), JJ Allaire [aut] (ORCID: <https://orcid.org/0000-0003-0174-9868>), Kevin Ushey [aut] (ORCID: <https://orcid.org/0000-0003-2880-7407>), Qiang Kou [aut] (ORCID: <https://orcid.org/0000-0001-6786-5453>), Nathan Russell [aut], Iñaki Ucar [aut] (ORCID: <https://orcid.org/0000-0001-6403-5550>), Doug Bates [aut] (ORCID: <https://orcid.org/0000-0001-8316-9503>), John Chambers [aut]",
      "Maintainer": "Dirk Eddelbuettel <edd@debian.org>",
      "Repository": "CRAN"
    },
    "RcppArmadillo": {
      "Package": "RcppArmadillo",
      "Version": "15.2.6-1",
      "Source": "Repository",
      "Type": "Package",
      "Title": "'Rcpp' Integration for the 'Armadillo' Templated Linear Algebra Library",
      "Date": "2026-04-20",
      "Authors@R": "c(person(\"Dirk\", \"Eddelbuettel\", role = c(\"aut\", \"cre\"), email = \"edd@debian.org\", comment = c(ORCID = \"0000-0001-6419-907X\")), person(\"Romain\", \"Francois\", role = \"aut\", comment = c(ORCID = \"0000-0002-2444-4226\")), person(\"Doug\", \"Bates\", role = \"aut\", comment = c(ORCID = \"0000-0001-8316-9503\")), person(\"Binxiang\", \"Ni\", role = \"aut\"), person(\"Conrad\", \"Sanderson\", role = \"aut\", comment = c(ORCID = \"0000-0002-0049-4501\")))",
      "Description": "'Armadillo' is a templated C++ linear algebra library aiming towards a good balance between speed and ease of use. It provides high-level syntax and functionality deliberately similar to Matlab. It is useful for algorithm development directly in C++, or quick conversion of research code into production environments. It provides efficient classes for vectors, matrices and cubes where dense and sparse matrices are supported. Integer, floating point and complex numbers are supported. A sophisticated expression evaluator (based on template meta-programming) automatically combines several operations to increase speed and efficiency. Dynamic evaluation automatically chooses optimal code paths based on detected matrix structures. Matrix decompositions are provided through integration with LAPACK, or one of its high performance drop-in replacements (such as 'MKL' or 'OpenBLAS'). It can automatically use 'OpenMP' multi-threading (parallelisation) to speed up computationally expensive operations. . The 'RcppArmadillo' package includes the header files from the 'Armadillo' library; users do not need to install 'Armadillo' itself in order to use 'RcppArmadillo'. Starting from release 15.0.0, the minimum compilation standard is C++14. . Since release 7.800.0, 'Armadillo' is licensed under Apache License 2; previous releases were under licensed as MPL 2.0 from version 3.800.0 onwards and LGPL-3 prior to that; 'RcppArmadillo' (the 'Rcpp' bindings/bridge to Armadillo) is licensed under the GNU GPL version 2 or later, as is the rest of 'Rcpp'.",
      "License": "GPL (>= 2)",
      "LazyLoad": "yes",
      "Depends": [
        "R (>= 3.3.0)"
      ],
      "LinkingTo": [
        "Rcpp"
      ],
      "Imports": [
        "Rcpp (>= 1.1.1)",
        "stats",
        "utils",
        "methods"
      ],
      "Suggests": [
        "tinytest",
        "Matrix (>= 1.3.0)",
        "pkgKitten",
        "reticulate",
        "slam"
      ],
      "URL": "https://github.com/RcppCore/RcppArmadillo, https://dirk.eddelbuettel.com/code/rcpp.armadillo.html",
      "BugReports": "https://github.com/RcppCore/RcppArmadillo/issues",
      "RoxygenNote": "6.0.1",
      "Encoding": "UTF-8",
      "VignetteBuilder": "Rcpp",
      "NeedsCompilation": "yes",
      "Author": "Dirk Eddelbuettel [aut, cre] (ORCID: <https://orcid.org/0000-0001-6419-907X>), Romain Francois [aut] (ORCID: <https://orcid.org/0000-0002-2444-4226>), Doug Bates [aut] (ORCID: <https://orcid.org/0000-0001-8316-9503>), Binxiang Ni [aut], Conrad Sanderson [aut] (ORCID: <https://orcid.org/0000-0002-0049-4501>)",
      "Maintainer": "Dirk Eddelbuettel <edd@debian.org>",
      "Repository": "CRAN"
    },
    "coda": {
      "Package": "coda",
      "Version": "0.19-4.1",
      "Source": "Repository",
      "Date": "2020-09-30",
      "Title": "Output Analysis and Diagnostics for MCMC",
      "Authors@R": "c(person(\"Martyn\", \"Plummer\", role=c(\"aut\",\"cre\",\"trl\"), email=\"martyn.plummer@gmail.com\"), person(\"Nicky\", \"Best\", role=\"aut\"), person(\"Kate\", \"Cowles\", role=\"aut\"), person(\"Karen\", \"Vines\", role=\"aut\"), person(\"Deepayan\", \"Sarkar\", role=\"aut\"), person(\"Douglas\", \"Bates\", role=\"aut\"), person(\"Russell\", \"Almond\", role=\"aut\"), person(\"Arni\", \"Magnusson\", role=\"aut\"))",
      "Depends": [
        "R (>= 2.14.0)"
      ],
      "Imports": [
        "lattice"
      ],
      "Description": "Provides functions for summarizing and plotting the output from Markov Chain Monte Carlo (MCMC) simulations, as well as diagnostic tests of convergence to the equilibrium distribution of the Markov chain.",
      "License": "GPL (>= 2)",
      "NeedsCompilation": "no",
      "Author": "Martyn Plummer [aut, cre, trl], Nicky Best [aut], Kate Cowles [aut], Karen Vines [aut], Deepayan Sarkar [aut], Douglas Bates [aut], Russell Almond [aut], Arni Magnusson [aut]",
      "Maintainer": "Martyn Plummer <martyn.plummer@gmail.com>",
      "Repository": "CRAN"
    },
    "expm": {
      "Package": "expm",
      "Version": "1.0-0",
      "Source": "Repository",
      "Type": "Package",
      "Title": "Matrix Exponential, Log, 'etc'",
      "Date": "2024-08-19",
      "Authors@R": "c(person(\"Martin\", \"Maechler\", role=c(\"aut\",\"cre\"), email=\"maechler@stat.math.ethz.ch\", comment = c(ORCID = \"0000-0002-8685-9910\")) , person(\"Christophe\",\"Dutang\", role = \"aut\", comment = c(ORCID = \"0000-0001-6732-1501\")) , person(\"Vincent\",   \"Goulet\", role = \"aut\", comment = c(ORCID = \"0000-0002-9315-5719\")) , person(\"Douglas\",   \"Bates\",      role = \"ctb\", comment = \"cosmetic clean up, in svn r42\") , person(\"David\",     \"Firth\",      role = \"ctb\", comment = \"expm(method= \\\"PadeO\\\" and \\\"TaylorO\\\")\") , person(\"Marina\",    \"Shapira\",    role = \"ctb\", comment = \"expm(method= \\\"PadeO\\\" and \\\"TaylorO\\\")\") , person(\"Michael\",   \"Stadelmann\", role = \"ctb\", comment = \"\\\"Higham08*\\\" methods, see ?expm.Higham08...\") )",
      "Contact": "expm-developers@lists.R-forge.R-project.org",
      "Description": "Computation of the matrix exponential, logarithm, sqrt, and related quantities, using traditional and modern methods.",
      "Depends": [
        "Matrix"
      ],
      "Imports": [
        "methods"
      ],
      "Suggests": [
        "RColorBrewer",
        "sfsmisc",
        "Rmpfr"
      ],
      "BuildResaveData": "no",
      "License": "GPL (>= 2)",
      "URL": "https://R-Forge.R-project.org/projects/expm/",
      "BugReports": "https://R-forge.R-project.org/tracker/?atid=472&group_id=107",
      "Encoding": "UTF-8",
      "NeedsCompilation": "yes",
      "Author": "Martin Maechler [aut, cre] (<https://orcid.org/0000-0002-8685-9910>), Christophe Dutang [aut] (<https://orcid.org/0000-0001-6732-1501>), Vincent Goulet [aut] (<https://orcid.org/0000-0002-9315-5719>), Douglas Bates [ctb] (cosmetic clean up, in svn r42), David Firth [ctb] (expm(method= \"PadeO\" and \"TaylorO\")), Marina Shapira [ctb] (expm(method= \"PadeO\" and \"TaylorO\")), Michael Stadelmann [ctb] (\"Higham08*\" methods, see ?expm.Higham08...)",
      "Maintainer": "Martin Maechler <maechler@stat.math.ethz.ch>",
      "Repository": "CRAN"
    },
    "fanplot": {
      "Package": "fanplot",
      "Version": "4.0.1",
      "Source": "Repository",
      "Type": "Package",
      "Title": "Visualisation of Sequential Probability Distributions Using Fan Charts",
      "Authors@R": "c(person(c(\"Guy\", \"J.\"), \"Abel\", role = c(\"aut\", \"cre\"), email = \"g.j.abel@gmail.com\", comment = c(ORCID = \"0000-0002-4893-5687\")))",
      "Maintainer": "Guy J. Abel <g.j.abel@gmail.com>",
      "Description": "Visualise sequential distributions using a range of plotting styles. Sequential distribution data can be input as either simulations or values corresponding to percentiles over time. Plots are added to existing graphic devices using the fan function. Users can choose from four different styles, including fan chart type plots, where a set of coloured polygon, with shadings corresponding to the percentile values are layered to represent different uncertainty levels. Full details in R Journal article; Abel (2015) <doi:10.32614/RJ-2015-002>.",
      "License": "GPL-3",
      "Encoding": "UTF-8",
      "URL": "http://guyabel.github.io/fanplot/",
      "BugReports": "https://github.com/guyabel/fanplot/issues/",
      "Depends": [
        "R (>= 2.10)"
      ],
      "Imports": [
        "methods"
      ],
      "Suggests": [
        "shiny",
        "RColorBrewer",
        "colorspace",
        "zoo"
      ],
      "LazyData": "true",
      "RoxygenNote": "7.3.3",
      "NeedsCompilation": "no",
      "Author": "Guy J. Abel [aut, cre] (ORCID: <https://orcid.org/0000-0002-4893-5687>)",
      "Repository": "CRAN"
    },
    "lattice": {
      "Package": "lattice",
      "Version": "0.22-9",
      "Source": "Repository",
      "Date": "2026-02-03",
      "Priority": "recommended",
      "Title": "Trellis Graphics for R",
      "Authors@R": "c(person(\"Deepayan\", \"Sarkar\", role = c(\"aut\", \"cre\"), email = \"deepayan.sarkar@r-project.org\", comment = c(ORCID = \"0000-0003-4107-1553\")), person(\"Felix\", \"Andrews\", role = \"ctb\"), person(\"Kevin\", \"Wright\", role = \"ctb\", comment = \"documentation\"), person(\"Neil\", \"Klepeis\", role = \"ctb\"), person(\"Johan\", \"Larsson\", role = \"ctb\", comment = \"miscellaneous improvements\"), person(\"Zhijian (Jason)\", \"Wen\", role = \"cph\", comment = \"filled contour code\"), person(\"Paul\", \"Murrell\", role = \"ctb\", email = \"paul@stat.auckland.ac.nz\"), person(\"Stefan\", \"Eng\", role = \"ctb\", comment = \"violin plot improvements\"), person(\"Achim\", \"Zeileis\", role = \"ctb\", comment = \"modern colors\"), person(\"Alexandre\", \"Courtiol\", role = \"ctb\", comment = \"generics for larrows, lpolygon, lrect and lsegments\") )",
      "Description": "A powerful and elegant high-level data visualization system inspired by Trellis graphics, with an emphasis on multivariate data. Lattice is sufficient for typical graphics needs, and is also flexible enough to handle most nonstandard requirements. See ?Lattice for an introduction.",
      "Depends": [
        "R (>= 4.0.0)"
      ],
      "Suggests": [
        "KernSmooth",
        "MASS",
        "latticeExtra",
        "colorspace"
      ],
      "Imports": [
        "grid",
        "grDevices",
        "graphics",
        "stats",
        "utils"
      ],
      "Enhances": [
        "chron",
        "zoo"
      ],
      "LazyLoad": "yes",
      "LazyData": "yes",
      "License": "GPL (>= 2)",
      "URL": "https://lattice.r-forge.r-project.org/",
      "BugReports": "https://github.com/deepayan/lattice/issues",
      "NeedsCompilation": "yes",
      "Author": "Deepayan Sarkar [aut, cre] (ORCID: <https://orcid.org/0000-0003-4107-1553>), Felix Andrews [ctb], Kevin Wright [ctb] (documentation), Neil Klepeis [ctb], Johan Larsson [ctb] (miscellaneous improvements), Zhijian (Jason) Wen [cph] (filled contour code), Paul Murrell [ctb], Stefan Eng [ctb] (violin plot improvements), Achim Zeileis [ctb] (modern colors), Alexandre Courtiol [ctb] (generics for larrows, lpolygon, lrect and lsegments)",
      "Maintainer": "Deepayan Sarkar <deepayan.sarkar@r-project.org>",
      "Repository": "CRAN"
    },
    "numDeriv": {
      "Package": "numDeriv",
      "Version": "2016.8-1.1",
      "Source": "Repository",
      "Title": "Accurate Numerical Derivatives",
      "Description": "Methods for calculating (usually) accurate numerical first and second order derivatives. Accurate calculations  are done using 'Richardson''s' extrapolation or, when applicable, a complex step derivative is available. A simple difference  method is also provided. Simple difference is (usually) less accurate but is much quicker than 'Richardson''s' extrapolation and provides a  useful cross-check.  Methods are provided for real scalar and vector valued functions.",
      "Depends": [
        "R (>= 2.11.1)"
      ],
      "LazyLoad": "yes",
      "ByteCompile": "yes",
      "License": "GPL-2",
      "Copyright": "2006-2011, Bank of Canada. 2012-2016, Paul Gilbert",
      "Author": "Paul Gilbert and Ravi Varadhan",
      "Maintainer": "Paul Gilbert <pgilbert.ttv9z@ncf.ca>",
      "URL": "http://optimizer.r-forge.r-project.org/",
      "NeedsCompilation": "no",
      "Repository": "CRAN"
    },
    "renv": {
      "Package": "renv",
      "Version": "1.2.2",
      "Source": "Repository",
      "Type": "Package",
      "Title": "Project Environments",
      "Authors@R": "c( person(\"Kevin\", \"Ushey\", role = c(\"aut\", \"cre\"), email = \"kevin@rstudio.com\", comment = c(ORCID = \"0000-0003-2880-7407\")), person(\"Hadley\", \"Wickham\", role = c(\"aut\"), email = \"hadley@rstudio.com\", comment = c(ORCID = \"0000-0003-4757-117X\")), person(\"Posit Software, PBC\", role = c(\"cph\", \"fnd\")) )",
      "Description": "A dependency management toolkit for R. Using 'renv', you can create and manage project-local R libraries, save the state of these libraries to a 'lockfile', and later restore your library as required. Together, these tools can help make your projects more isolated, portable, and reproducible.",
      "License": "MIT + file LICENSE",
      "URL": "https://rstudio.github.io/renv/, https://github.com/rstudio/renv",
      "BugReports": "https://github.com/rstudio/renv/issues",
      "Imports": [
        "utils"
      ],
      "Suggests": [
        "BiocManager",
        "cli",
        "compiler",
        "covr",
        "cpp11",
        "curl",
        "devtools",
        "generics",
        "gitcreds",
        "jsonlite",
        "jsonvalidate",
        "knitr",
        "miniUI",
        "modules",
        "packrat",
        "pak",
        "R6",
        "remotes",
        "reticulate",
        "rmarkdown",
        "rstudioapi",
        "shiny",
        "testthat",
        "uuid",
        "waldo",
        "yaml",
        "webfakes"
      ],
      "Encoding": "UTF-8",
      "RoxygenNote": "7.3.3",
      "VignetteBuilder": "knitr",
      "Config/Needs/website": "tidyverse/tidytemplate",
      "Config/testthat/edition": "3",
      "Config/testthat/parallel": "true",
      "Config/testthat/start-first": "bioconductor,python,install,restore,snapshot,retrieve,remotes",
      "NeedsCompilation": "no",
      "Author": "Kevin Ushey [aut, cre] (ORCID: <https://orcid.org/0000-0003-2880-7407>), Hadley Wickham [aut] (ORCID: <https://orcid.org/0000-0003-4757-117X>), Posit Software, PBC [cph, fnd]",
      "Maintainer": "Kevin Ushey <kevin@rstudio.com>",
      "Repository": "CRAN"
    },
    "zoo": {
      "Package": "zoo",
      "Version": "1.8-15",
      "Source": "Repository",
      "Date": "2025-12-15",
      "Title": "S3 Infrastructure for Regular and Irregular Time Series (Z's Ordered Observations)",
      "Authors@R": "c(person(given = \"Achim\", family = \"Zeileis\", role = c(\"aut\", \"cre\"), email = \"Achim.Zeileis@R-project.org\", comment = c(ORCID = \"0000-0003-0918-3766\")), person(given = \"Gabor\", family = \"Grothendieck\", role = \"aut\", email = \"ggrothendieck@gmail.com\"), person(given = c(\"Jeffrey\", \"A.\"), family = \"Ryan\", role = \"aut\", email = \"jeff.a.ryan@gmail.com\"), person(given = c(\"Joshua\", \"M.\"), family = \"Ulrich\", role = \"ctb\", email = \"josh.m.ulrich@gmail.com\"), person(given = \"Felix\", family = \"Andrews\", role = \"ctb\", email = \"felix@nfrac.org\"))",
      "Description": "An S3 class with methods for totally ordered indexed observations. It is particularly aimed at irregular time series of numeric vectors/matrices and factors. zoo's key design goals are independence of a particular index/date/time class and consistency with ts and base R by providing methods to extend standard generics.",
      "Depends": [
        "R (>= 3.1.0)",
        "stats"
      ],
      "Suggests": [
        "AER",
        "coda",
        "chron",
        "ggplot2 (>= 3.5.0)",
        "mondate",
        "scales",
        "stinepack",
        "strucchange",
        "timeDate",
        "timeSeries",
        "tinyplot",
        "tis",
        "tseries",
        "xts"
      ],
      "Imports": [
        "utils",
        "graphics",
        "grDevices",
        "lattice (>= 0.20-27)"
      ],
      "License": "GPL-2 | GPL-3",
      "URL": "https://zoo.R-Forge.R-project.org/",
      "NeedsCompilation": "yes",
      "Author": "Achim Zeileis [aut, cre] (ORCID: <https://orcid.org/0000-0003-0918-3766>), Gabor Grothendieck [aut], Jeffrey A. Ryan [aut], Joshua M. Ulrich [ctb], Felix Andrews [ctb]",
      "Maintainer": "Achim Zeileis <Achim.Zeileis@R-project.org>",
      "Repository": "CRAN"
    }
  }
}
